
Microsoft Visual Studio Solution File, Format Version 12.00
# Visual Studio Version 17
VisualStudioVersion = 17.2.32616.157
MinimumVisualStudioVersion = 10.0.40219.1
Project("{F2A71F9B-5D33-465A-A702-920D77279786}") = "Void", "Void.fsproj", "{13160E22-0115-42DE-8968-0F1F43207930}"
EndProject
Global
	GlobalSection(SolutionConfigurationPlatforms) = preSolution
		Debug|Any CPU = Debug|Any CPU
		Release|Any CPU = Release|Any CPU
	EndGlobalSection
	GlobalSection(ProjectConfigurationPlatforms) = postSolution
		{13160E22-0115-42DE-8968-0F1F43207930}.Debug|Any CPU.ActiveCfg = Debug|Any CPU
		{13160E22-0115-42DE-8968-0F1F43207930}.Debug|Any CPU.Build.0 = Debug|Any CPU
		{13160E22-0115-42DE-8968-0F1F43207930}.Release|Any CPU.ActiveCfg = Release|Any CPU
		{13160E22-0115-42DE-8968-0F1F43207930}.Release|Any CPU.Build.0 = Release|Any CPU
	EndGlobalSection
	GlobalSection(SolutionProperties) = preSolution
		HideSolutionNode = FALSE
	EndGlobalSection
	GlobalSection(ExtensibilityGlobals) = postSolution
		SolutionGuid = {1393A151-F4DF-4275-BD03-F1970BEC7860}
	EndGlobalSection
EndGlobal
